// !$*UTF8*$!
{
	archiveVersion = 1;
	classes = {
	};
	objectVersion = 46;
	objects = {

/* Begin PBXBuildFile section */
		1E62548CC52BFD4B497D338B /* libPods-DeadlineManagerUITests.a in Frameworks */ = {isa = PBXBuildFile; fileRef = 6147B04304AB155F3B0C3B30 /* libPods-DeadlineManagerUITests.a */; };
		216340711D4CA3FD00E298C0 /* main.m in Sources */ = {isa = PBXBuildFile; fileRef = 216340701D4CA3FD00E298C0 /* main.m */; };
		216340741D4CA3FD00E298C0 /* AppDelegate.m in Sources */ = {isa = PBXBuildFile; fileRef = 216340731D4CA3FD00E298C0 /* AppDelegate.m */; };
		216340771D4CA3FD00E298C0 /* ViewController.m in Sources */ = {isa = PBXBuildFile; fileRef = 216340761D4CA3FD00E298C0 /* ViewController.m */; };
		2163407A1D4CA3FD00E298C0 /* Main.storyboard in Resources */ = {isa = PBXBuildFile; fileRef = 216340781D4CA3FD00E298C0 /* Main.storyboard */; };
		2163407C1D4CA3FD00E298C0 /* Assets.xcassets in Resources */ = {isa = PBXBuildFile; fileRef = 2163407B1D4CA3FD00E298C0 /* Assets.xcassets */; };
		2163407F1D4CA3FD00E298C0 /* LaunchScreen.storyboard in Resources */ = {isa = PBXBuildFile; fileRef = 2163407D1D4CA3FD00E298C0 /* LaunchScreen.storyboard */; };
		2163408A1D4CA3FD00E298C0 /* DeadlineManagerTests.m in Sources */ = {isa = PBXBuildFile; fileRef = 216340891D4CA3FD00E298C0 /* DeadlineManagerTests.m */; };
		216340951D4CA3FD00E298C0 /* DeadlineManagerUITests.m in Sources */ = {isa = PBXBuildFile; fileRef = 216340941D4CA3FD00E298C0 /* DeadlineManagerUITests.m */; };
		21B6C5D01D4CAA57003288E3 /* GoogleService-Info.plist in Resources */ = {isa = PBXBuildFile; fileRef = 21B6C5CF1D4CAA57003288E3 /* GoogleService-Info.plist */; };
		2EE7C0B4FFA9A37BB8E2ACE2 /* libPods-DeadlineManager.a in Frameworks */ = {isa = PBXBuildFile; fileRef = D7FF26A585286FDFC9F30427 /* libPods-DeadlineManager.a */; };
		49D988E317F66E23C80AB66F /* libPods-DeadlineManagerTests.a in Frameworks */ = {isa = PBXBuildFile; fileRef = 6C13991612F51887638D0C8F /* libPods-DeadlineManagerTests.a */; };
/* End PBXBuildFile section */

/* Begin PBXContainerItemProxy section */
		216340861D4CA3FD00E298C0 /* PBXContainerItemProxy */ = {
			isa = PBXContainerItemProxy;
			containerPortal = 216340641D4CA3FC00E298C0 /* Project object */;
			proxyType = 1;
			remoteGlobalIDString = 2163406B1D4CA3FC00E298C0;
			remoteInfo = DeadlineManager;
		};
		216340911D4CA3FD00E298C0 /* PBXContainerItemProxy */ = {
			isa = PBXContainerItemProxy;
			containerPortal = 216340641D4CA3FC00E298C0 /* Project object */;
			proxyType = 1;
			remoteGlobalIDString = 2163406B1D4CA3FC00E298C0;
			remoteInfo = DeadlineManager;
		};
/* End PBXContainerItemProxy section */

/* Begin PBXFileReference section */
		0F66D15891DEF54D60A813FF /* Pods-DeadlineManager.release.xcconfig */ = {isa = PBXFileReference; includeInIndex = 1; lastKnownFileType = text.xcconfig; name = "Pods-DeadlineManager.release.xcconfig"; path = "Pods/Target Support Files/Pods-DeadlineManager/Pods-DeadlineManager.release.xcconfig"; sourceTree = "<group>"; };
		2163406C1D4CA3FC00E298C0 /* DeadlineManager.app */ = {isa = PBXFileReference; explicitFileType = wrapper.application; includeInIndex = 0; path = DeadlineManager.app; sourceTree = BUILT_PRODUCTS_DIR; };
		216340701D4CA3FD00E298C0 /* main.m */ = {isa = PBXFileReference; lastKnownFileType = sourcecode.c.objc; path = main.m; sourceTree = "<group>"; };
		216340721D4CA3FD00E298C0 /* AppDelegate.h */ = {isa = PBXFileReference; lastKnownFileType = sourcecode.c.h; path = AppDelegate.h; sourceTree = "<group>"; };
		216340731D4CA3FD00E298C0 /* AppDelegate.m */ = {isa = PBXFileReference; lastKnownFileType = sourcecode.c.objc; path = AppDelegate.m; sourceTree = "<group>"; };
		216340751D4CA3FD00E298C0 /* ViewController.h */ = {isa = PBXFileReference; lastKnownFileType = sourcecode.c.h; path = ViewController.h; sourceTree = "<group>"; };
		216340761D4CA3FD00E298C0 /* ViewController.m */ = {isa = PBXFileReference; lastKnownFileType = sourcecode.c.objc; path = ViewController.m; sourceTree = "<group>"; };
		216340791D4CA3FD00E298C0 /* Base */ = {isa = PBXFileReference; lastKnownFileType = file.storyboard; name = Base; path = Base.lproj/Main.storyboard; sourceTree = "<group>"; };
		2163407B1D4CA3FD00E298C0 /* Assets.xcassets */ = {isa = PBXFileReference; lastKnownFileType = folder.assetcatalog; path = Assets.xcassets; sourceTree = "<group>"; };
		2163407E1D4CA3FD00E298C0 /* Base */ = {isa = PBXFileReference; lastKnownFileType = file.storyboard; name = Base; path = Base.lproj/LaunchScreen.storyboard; sourceTree = "<group>"; };
		216340801D4CA3FD00E298C0 /* Info.plist */ = {isa = PBXFileReference; lastKnownFileType = text.plist.xml; path = Info.plist; sourceTree = "<group>"; };
		216340851D4CA3FD00E298C0 /* DeadlineManagerTests.xctest */ = {isa = PBXFileReference; explicitFileType = wrapper.cfbundle; includeInIndex = 0; path = DeadlineManagerTests.xctest; sourceTree = BUILT_PRODUCTS_DIR; };
		216340891D4CA3FD00E298C0 /* DeadlineManagerTests.m */ = {isa = PBXFileReference; lastKnownFileType = sourcecode.c.objc; path = DeadlineManagerTests.m; sourceTree = "<group>"; };
		2163408B1D4CA3FD00E298C0 /* Info.plist */ = {isa = PBXFileReference; lastKnownFileType = text.plist.xml; path = Info.plist; sourceTree = "<group>"; };
		216340901D4CA3FD00E298C0 /* DeadlineManagerUITests.xctest */ = {isa = PBXFileReference; explicitFileType = wrapper.cfbundle; includeInIndex = 0; path = DeadlineManagerUITests.xctest; sourceTree = BUILT_PRODUCTS_DIR; };
		216340941D4CA3FD00E298C0 /* DeadlineManagerUITests.m */ = {isa = PBXFileReference; lastKnownFileType = sourcecode.c.objc; path = DeadlineManagerUITests.m; sourceTree = "<group>"; };
		216340961D4CA3FD00E298C0 /* Info.plist */ = {isa = PBXFileReference; lastKnownFileType = text.plist.xml; path = Info.plist; sourceTree = "<group>"; };
		21B6C5CF1D4CAA57003288E3 /* GoogleService-Info.plist */ = {isa = PBXFileReference; fileEncoding = 4; lastKnownFileType = text.plist.xml; path = "GoogleService-Info.plist"; sourceTree = "<group>"; };
		29FDA83F8642C16BE9819555 /* Pods-DeadlineManager.debug.xcconfig */ = {isa = PBXFileReference; includeInIndex = 1; lastKnownFileType = text.xcconfig; name = "Pods-DeadlineManager.debug.xcconfig"; path = "Pods/Target Support Files/Pods-DeadlineManager/Pods-DeadlineManager.debug.xcconfig"; sourceTree = "<group>"; };
		5499F123B2F3AEA0DBCC28E6 /* Pods-DeadlineManagerTests.release.xcconfig */ = {isa = PBXFileReference; includeInIndex = 1; lastKnownFileType = text.xcconfig; name = "Pods-DeadlineManagerTests.release.xcconfig"; path = "Pods/Target Support Files/Pods-DeadlineManagerTests/Pods-DeadlineManagerTests.release.xcconfig"; sourceTree = "<group>"; };
		5C45822D26FD2A1FD54EDB3B /* Pods-DeadlineManagerUITests.release.xcconfig */ = {isa = PBXFileReference; includeInIndex = 1; lastKnownFileType = text.xcconfig; name = "Pods-DeadlineManagerUITests.release.xcconfig"; path = "Pods/Target Support Files/Pods-DeadlineManagerUITests/Pods-DeadlineManagerUITests.release.xcconfig"; sourceTree = "<group>"; };
		6147B04304AB155F3B0C3B30 /* libPods-DeadlineManagerUITests.a */ = {isa = PBXFileReference; explicitFileType = archive.ar; includeInIndex = 0; path = "libPods-DeadlineManagerUITests.a"; sourceTree = BUILT_PRODUCTS_DIR; };
		6C13991612F51887638D0C8F /* libPods-DeadlineManagerTests.a */ = {isa = PBXFileReference; explicitFileType = archive.ar; includeInIndex = 0; path = "libPods-DeadlineManagerTests.a"; sourceTree = BUILT_PRODUCTS_DIR; };
		8FD01EF0803B5F1E393597E7 /* Pods-DeadlineManagerTests.debug.xcconfig */ = {isa = PBXFileReference; includeInIndex = 1; lastKnownFileType = text.xcconfig; name = "Pods-DeadlineManagerTests.debug.xcconfig"; path = "Pods/Target Support Files/Pods-DeadlineManagerTests/Pods-DeadlineManagerTests.debug.xcconfig"; sourceTree = "<group>"; };
		C91E3862E07E1EF05F4FFC3B /* Pods-DeadlineManagerUITests.debug.xcconfig */ = {isa = PBXFileReference; includeInIndex = 1; lastKnownFileType = text.xcconfig; name = "Pods-DeadlineManagerUITests.debug.xcconfig"; path = "Pods/Target Support Files/Pods-DeadlineManagerUITests/Pods-DeadlineManagerUITests.debug.xcconfig"; sourceTree = "<group>"; };
		D7FF26A585286FDFC9F30427 /* libPods-DeadlineManager.a */ = {isa = PBXFileReference; explicitFileType = archive.ar; includeInIndex = 0; path = "libPods-DeadlineManager.a"; sourceTree = BUILT_PRODUCTS_DIR; };
/* End PBXFileReference section */

/* Begin PBXFrameworksBuildPhase section */
		216340691D4CA3FC00E298C0 /* Frameworks */ = {
			isa = PBXFrameworksBuildPhase;
			buildActionMask = 2147483647;
			files = (
				2EE7C0B4FFA9A37BB8E2ACE2 /* libPods-DeadlineManager.a in Frameworks */,
			);
			runOnlyForDeploymentPostprocessing = 0;
		};
		216340821D4CA3FD00E298C0 /* Frameworks */ = {
			isa = PBXFrameworksBuildPhase;
			buildActionMask = 2147483647;
			files = (
				49D988E317F66E23C80AB66F /* libPods-DeadlineManagerTests.a in Frameworks */,
			);
			runOnlyForDeploymentPostprocessing = 0;
		};
		2163408D1D4CA3FD00E298C0 /* Frameworks */ = {
			isa = PBXFrameworksBuildPhase;
			buildActionMask = 2147483647;
			files = (
				1E62548CC52BFD4B497D338B /* libPods-DeadlineManagerUITests.a in Frameworks */,
			);
			runOnlyForDeploymentPostprocessing = 0;
		};
/* End PBXFrameworksBuildPhase section */

/* Begin PBXGroup section */
		12DFF8380E52A676813A69DE /* Frameworks */ = {
			isa = PBXGroup;
			children = (
				D7FF26A585286FDFC9F30427 /* libPods-DeadlineManager.a */,
				6C13991612F51887638D0C8F /* libPods-DeadlineManagerTests.a */,
				6147B04304AB155F3B0C3B30 /* libPods-DeadlineManagerUITests.a */,
			);
			name = Frameworks;
			sourceTree = "<group>";
		};
		216340631D4CA3FC00E298C0 = {
			isa = PBXGroup;
			children = (
				2163406E1D4CA3FC00E298C0 /* DeadlineManager */,
				216340881D4CA3FD00E298C0 /* DeadlineManagerTests */,
				216340931D4CA3FD00E298C0 /* DeadlineManagerUITests */,
				2163406D1D4CA3FC00E298C0 /* Products */,
				254F7B72D3FF2B0CF75645B5 /* Pods */,
				12DFF8380E52A676813A69DE /* Frameworks */,
			);
			sourceTree = "<group>";
		};
		2163406D1D4CA3FC00E298C0 /* Products */ = {
			isa = PBXGroup;
			children = (
				2163406C1D4CA3FC00E298C0 /* DeadlineManager.app */,
				216340851D4CA3FD00E298C0 /* DeadlineManagerTests.xctest */,
				216340901D4CA3FD00E298C0 /* DeadlineManagerUITests.xctest */,
			);
			name = Products;
			sourceTree = "<group>";
		};
		2163406E1D4CA3FC00E298C0 /* DeadlineManager */ = {
			isa = PBXGroup;
			children = (
				2163407D1D4CA3FD00E298C0 /* LaunchScreen.storyboard */,
				216340721D4CA3FD00E298C0 /* AppDelegate.h */,
				216340731D4CA3FD00E298C0 /* AppDelegate.m */,
				21B6C5D11D4CD18E003288E3 /* Assets */,
				21B6C5D21D4CD1BF003288E3 /* User Interface */,
				21B6C5D31D4CD1F1003288E3 /* Common */,
				2163406F1D4CA3FD00E298C0 /* Supporting Files */,
				216340801D4CA3FD00E298C0 /* Info.plist */,
				21B6C5CF1D4CAA57003288E3 /* GoogleService-Info.plist */,
			);
			path = DeadlineManager;
			sourceTree = "<group>";
		};
		2163406F1D4CA3FD00E298C0 /* Supporting Files */ = {
			isa = PBXGroup;
			children = (
				216340701D4CA3FD00E298C0 /* main.m */,
			);
			name = "Supporting Files";
			sourceTree = "<group>";
		};
		216340881D4CA3FD00E298C0 /* DeadlineManagerTests */ = {
			isa = PBXGroup;
			children = (
				216340891D4CA3FD00E298C0 /* DeadlineManagerTests.m */,
				2163408B1D4CA3FD00E298C0 /* Info.plist */,
			);
			path = DeadlineManagerTests;
			sourceTree = "<group>";
		};
		216340931D4CA3FD00E298C0 /* DeadlineManagerUITests */ = {
			isa = PBXGroup;
			children = (
				216340941D4CA3FD00E298C0 /* DeadlineManagerUITests.m */,
				216340961D4CA3FD00E298C0 /* Info.plist */,
			);
			path = DeadlineManagerUITests;
			sourceTree = "<group>";
		};
		21B6C5D11D4CD18E003288E3 /* Assets */ = {
			isa = PBXGroup;
			children = (
				2163407B1D4CA3FD00E298C0 /* Assets.xcassets */,
			);
			name = Assets;
			sourceTree = "<group>";
		};
		21B6C5D21D4CD1BF003288E3 /* User Interface */ = {
			isa = PBXGroup;
			children = (
				216340751D4CA3FD00E298C0 /* ViewController.h */,
				216340761D4CA3FD00E298C0 /* ViewController.m */,
				216340781D4CA3FD00E298C0 /* Main.storyboard */,
			);
			name = "User Interface";
			sourceTree = "<group>";
		};
		21B6C5D31D4CD1F1003288E3 /* Common */ = {
			isa = PBXGroup;
			children = (
			);
			name = Common;
			sourceTree = "<group>";
		};
		254F7B72D3FF2B0CF75645B5 /* Pods */ = {
			isa = PBXGroup;
			children = (
				29FDA83F8642C16BE9819555 /* Pods-DeadlineManager.debug.xcconfig */,
				0F66D15891DEF54D60A813FF /* Pods-DeadlineManager.release.xcconfig */,
				8FD01EF0803B5F1E393597E7 /* Pods-DeadlineManagerTests.debug.xcconfig */,
				5499F123B2F3AEA0DBCC28E6 /* Pods-DeadlineManagerTests.release.xcconfig */,
				C91E3862E07E1EF05F4FFC3B /* Pods-DeadlineManagerUITests.debug.xcconfig */,
				5C45822D26FD2A1FD54EDB3B /* Pods-DeadlineManagerUITests.release.xcconfig */,
			);
			name = Pods;
			sourceTree = "<group>";
		};
/* End PBXGroup section */

/* Begin PBXNativeTarget section */
		2163406B1D4CA3FC00E298C0 /* DeadlineManager */ = {
			isa = PBXNativeTarget;
			buildConfigurationList = 216340991D4CA3FD00E298C0 /* Build configuration list for PBXNativeTarget "DeadlineManager" */;
			buildPhases = (
				D8500C6EF63FD449168ACFAE /* 📦 Check Pods Manifest.lock */,
				216340681D4CA3FC00E298C0 /* Sources */,
				216340691D4CA3FC00E298C0 /* Frameworks */,
				2163406A1D4CA3FC00E298C0 /* Resources */,
				2DA122CD375A023EC38BABB8 /* 📦 Embed Pods Frameworks */,
				0BDB1C4DDB8AFFAFDDB4FD7E /* 📦 Copy Pods Resources */,
			);
			buildRules = (
			);
			dependencies = (
			);
			name = DeadlineManager;
			productName = DeadlineManager;
			productReference = 2163406C1D4CA3FC00E298C0 /* DeadlineManager.app */;
			productType = "com.apple.product-type.application";
		};
		216340841D4CA3FD00E298C0 /* DeadlineManagerTests */ = {
			isa = PBXNativeTarget;
			buildConfigurationList = 2163409C1D4CA3FD00E298C0 /* Build configuration list for PBXNativeTarget "DeadlineManagerTests" */;
			buildPhases = (
				56A21187A5499E31A6717F1C /* 📦 Check Pods Manifest.lock */,
				216340811D4CA3FD00E298C0 /* Sources */,
				216340821D4CA3FD00E298C0 /* Frameworks */,
				216340831D4CA3FD00E298C0 /* Resources */,
				44A1A9F93D91121172E7AE81 /* 📦 Embed Pods Frameworks */,
				3DBEF6BB8AB840D2130E8A24 /* 📦 Copy Pods Resources */,
			);
			buildRules = (
			);
			dependencies = (
				216340871D4CA3FD00E298C0 /* PBXTargetDependency */,
			);
			name = DeadlineManagerTests;
			productName = DeadlineManagerTests;
			productReference = 216340851D4CA3FD00E298C0 /* DeadlineManagerTests.xctest */;
			productType = "com.apple.product-type.bundle.unit-test";
		};
		2163408F1D4CA3FD00E298C0 /* DeadlineManagerUITests */ = {
			isa = PBXNativeTarget;
			buildConfigurationList = 2163409F1D4CA3FD00E298C0 /* Build configuration list for PBXNativeTarget "DeadlineManagerUITests" */;
			buildPhases = (
				992EDB3F96DA7CA7C90EB99F /* 📦 Check Pods Manifest.lock */,
				2163408C1D4CA3FD00E298C0 /* Sources */,
				2163408D1D4CA3FD00E298C0 /* Frameworks */,
				2163408E1D4CA3FD00E298C0 /* Resources */,
				14CC565AC78818B70861F34B /* 📦 Copy Pods Resources */,
			);
			buildRules = (
			);
			dependencies = (
				216340921D4CA3FD00E298C0 /* PBXTargetDependency */,
			);
			name = DeadlineManagerUITests;
			productName = DeadlineManagerUITests;
			productReference = 216340901D4CA3FD00E298C0 /* DeadlineManagerUITests.xctest */;
			productType = "com.apple.product-type.bundle.ui-testing";
		};
/* End PBXNativeTarget section */

/* Begin PBXProject section */
		216340641D4CA3FC00E298C0 /* Project object */ = {
			isa = PBXProject;
			attributes = {
				LastUpgradeCheck = 0730;
				ORGANIZATIONNAME = "Mészáros Zoltán";
				TargetAttributes = {
					2163406B1D4CA3FC00E298C0 = {
						CreatedOnToolsVersion = 7.3.1;
						DevelopmentTeam = R96VZHJ56V;
					};
					216340841D4CA3FD00E298C0 = {
						CreatedOnToolsVersion = 7.3.1;
						TestTargetID = 2163406B1D4CA3FC00E298C0;
					};
					2163408F1D4CA3FD00E298C0 = {
						CreatedOnToolsVersion = 7.3.1;
						TestTargetID = 2163406B1D4CA3FC00E298C0;
					};
				};
			};
			buildConfigurationList = 216340671D4CA3FC00E298C0 /* Build configuration list for PBXProject "DeadlineManager" */;
			compatibilityVersion = "Xcode 3.2";
			developmentRegion = English;
			hasScannedForEncodings = 0;
			knownRegions = (
				en,
				Base,
			);
			mainGroup = 216340631D4CA3FC00E298C0;
			productRefGroup = 2163406D1D4CA3FC00E298C0 /* Products */;
			projectDirPath = "";
			projectRoot = "";
			targets = (
				2163406B1D4CA3FC00E298C0 /* DeadlineManager */,
				216340841D4CA3FD00E298C0 /* DeadlineManagerTests */,
				2163408F1D4CA3FD00E298C0 /* DeadlineManagerUITests */,
			);
		};
/* End PBXProject section */

/* Begin PBXResourcesBuildPhase section */
		2163406A1D4CA3FC00E298C0 /* Resources */ = {
			isa = PBXResourcesBuildPhase;
			buildActionMask = 2147483647;
			files = (
				2163407F1D4CA3FD00E298C0 /* LaunchScreen.storyboard in Resources */,
				21B6C5D01D4CAA57003288E3 /* GoogleService-Info.plist in Resources */,
				2163407C1D4CA3FD00E298C0 /* Assets.xcassets in Resources */,
				2163407A1D4CA3FD00E298C0 /* Main.storyboard in Resources */,
			);
			runOnlyForDeploymentPostprocessing = 0;
		};
		216340831D4CA3FD00E298C0 /* Resources */ = {
			isa = PBXResourcesBuildPhase;
			buildActionMask = 2147483647;
			files = (
			);
			runOnlyForDeploymentPostprocessing = 0;
		};
		2163408E1D4CA3FD00E298C0 /* Resources */ = {
			isa = PBXResourcesBuildPhase;
			buildActionMask = 2147483647;
			files = (
			);
			runOnlyForDeploymentPostprocessing = 0;
		};
/* End PBXResourcesBuildPhase section */

/* Begin PBXShellScriptBuildPhase section */
		0BDB1C4DDB8AFFAFDDB4FD7E /* 📦 Copy Pods Resources */ = {
			isa = PBXShellScriptBuildPhase;
			buildActionMask = 2147483647;
			files = (
			);
			inputPaths = (
			);
			name = "📦 Copy Pods Resources";
			outputPaths = (
			);
			runOnlyForDeploymentPostprocessing = 0;
			shellPath = /bin/sh;
			shellScript = "\"${SRCROOT}/Pods/Target Support Files/Pods-DeadlineManager/Pods-DeadlineManager-resources.sh\"\n";
			showEnvVarsInLog = 0;
		};
		14CC565AC78818B70861F34B /* 📦 Copy Pods Resources */ = {
			isa = PBXShellScriptBuildPhase;
			buildActionMask = 2147483647;
			files = (
			);
			inputPaths = (
			);
			name = "📦 Copy Pods Resources";
			outputPaths = (
			);
			runOnlyForDeploymentPostprocessing = 0;
			shellPath = /bin/sh;
			shellScript = "\"${SRCROOT}/Pods/Target Support Files/Pods-DeadlineManagerUITests/Pods-DeadlineManagerUITests-resources.sh\"\n";
			showEnvVarsInLog = 0;
		};
		2DA122CD375A023EC38BABB8 /* 📦 Embed Pods Frameworks */ = {
			isa = PBXShellScriptBuildPhase;
			buildActionMask = 2147483647;
			files = (
			);
			inputPaths = (
			);
			name = "📦 Embed Pods Frameworks";
			outputPaths = (
			);
			runOnlyForDeploymentPostprocessing = 0;
			shellPath = /bin/sh;
			shellScript = "\"${SRCROOT}/Pods/Target Support Files/Pods-DeadlineManager/Pods-DeadlineManager-frameworks.sh\"\n";
			showEnvVarsInLog = 0;
		};
		3DBEF6BB8AB840D2130E8A24 /* 📦 Copy Pods Resources */ = {
			isa = PBXShellScriptBuildPhase;
			buildActionMask = 2147483647;
			files = (
			);
			inputPaths = (
			);
			name = "📦 Copy Pods Resources";
			outputPaths = (
			);
			runOnlyForDeploymentPostprocessing = 0;
			shellPath = /bin/sh;
			shellScript = "\"${SRCROOT}/Pods/Target Support Files/Pods-DeadlineManagerTests/Pods-DeadlineManagerTests-resources.sh\"\n";
			showEnvVarsInLog = 0;
		};
		44A1A9F93D91121172E7AE81 /* 📦 Embed Pods Frameworks */ = {
			isa = PBXShellScriptBuildPhase;
			buildActionMask = 2147483647;
			files = (
			);
			inputPaths = (
			);
			name = "📦 Embed Pods Frameworks";
			outputPaths = (
			);
			runOnlyForDeploymentPostprocessing = 0;
			shellPath = /bin/sh;
			shellScript = "\"${SRCROOT}/Pods/Target Support Files/Pods-DeadlineManagerTests/Pods-DeadlineManagerTests-frameworks.sh\"\n";
			showEnvVarsInLog = 0;
		};
		56A21187A5499E31A6717F1C /* 📦 Check Pods Manifest.lock */ = {
			isa = PBXShellScriptBuildPhase;
			buildActionMask = 2147483647;
			files = (
			);
			inputPaths = (
			);
			name = "📦 Check Pods Manifest.lock";
			outputPaths = (
			);
			runOnlyForDeploymentPostprocessing = 0;
			shellPath = /bin/sh;
			shellScript = "diff \"${PODS_ROOT}/../Podfile.lock\" \"${PODS_ROOT}/Manifest.lock\" > /dev/null\nif [[ $? != 0 ]] ; then\n    cat << EOM\nerror: The sandbox is not in sync with the Podfile.lock. Run 'pod install' or update your CocoaPods installation.\nEOM\n    exit 1\nfi\n";
			showEnvVarsInLog = 0;
		};
		992EDB3F96DA7CA7C90EB99F /* 📦 Check Pods Manifest.lock */ = {
			isa = PBXShellScriptBuildPhase;
			buildActionMask = 2147483647;
			files = (
			);
			inputPaths = (
			);
			name = "📦 Check Pods Manifest.lock";
			outputPaths = (
			);
			runOnlyForDeploymentPostprocessing = 0;
			shellPath = /bin/sh;
			shellScript = "diff \"${PODS_ROOT}/../Podfile.lock\" \"${PODS_ROOT}/Manifest.lock\" > /dev/null\nif [[ $? != 0 ]] ; then\n    cat << EOM\nerror: The sandbox is not in sync with the Podfile.lock. Run 'pod install' or update your CocoaPods installation.\nEOM\n    exit 1\nfi\n";
			showEnvVarsInLog = 0;
		};
		D8500C6EF63FD449168ACFAE /* 📦 Check Pods Manifest.lock */ = {
			isa = PBXShellScriptBuildPhase;
			buildActionMask = 2147483647;
			files = (
			);
			inputPaths = (
			);
			name = "📦 Check Pods Manifest.lock";
			outputPaths = (
			);
			runOnlyForDeploymentPostprocessing = 0;
			shellPath = /bin/sh;
			shellScript = "diff \"${PODS_ROOT}/../Podfile.lock\" \"${PODS_ROOT}/Manifest.lock\" > /dev/null\nif [[ $? != 0 ]] ; then\n    cat << EOM\nerror: The sandbox is not in sync with the Podfile.lock. Run 'pod install' or update your CocoaPods installation.\nEOM\n    exit 1\nfi\n";
			showEnvVarsInLog = 0;
		};
/* End PBXShellScriptBuildPhase section */

/* Begin PBXSourcesBuildPhase section */
		216340681D4CA3FC00E298C0 /* Sources */ = {
			isa = PBXSourcesBuildPhase;
			buildActionMask = 2147483647;
			files = (
				216340771D4CA3FD00E298C0 /* ViewController.m in Sources */,
				216340741D4CA3FD00E298C0 /* AppDelegate.m in Sources */,
				216340711D4CA3FD00E298C0 /* main.m in Sources */,
			);
			runOnlyForDeploymentPostprocessing = 0;
		};
		216340811D4CA3FD00E298C0 /* Sources */ = {
			isa = PBXSourcesBuildPhase;
			buildActionMask = 2147483647;
			files = (
				2163408A1D4CA3FD00E298C0 /* DeadlineManagerTests.m in Sources */,
			);
			runOnlyForDeploymentPostprocessing = 0;
		};
		2163408C1D4CA3FD00E298C0 /* Sources */ = {
			isa = PBXSourcesBuildPhase;
			buildActionMask = 2147483647;
			files = (
				216340951D4CA3FD00E298C0 /* DeadlineManagerUITests.m in Sources */,
			);
			runOnlyForDeploymentPostprocessing = 0;
		};
/* End PBXSourcesBuildPhase section */

/* Begin PBXTargetDependency section */
		216340871D4CA3FD00E298C0 /* PBXTargetDependency */ = {
			isa = PBXTargetDependency;
			target = 2163406B1D4CA3FC00E298C0 /* DeadlineManager */;
			targetProxy = 216340861D4CA3FD00E298C0 /* PBXContainerItemProxy */;
		};
		216340921D4CA3FD00E298C0 /* PBXTargetDependency */ = {
			isa = PBXTargetDependency;
			target = 2163406B1D4CA3FC00E298C0 /* DeadlineManager */;
			targetProxy = 216340911D4CA3FD00E298C0 /* PBXContainerItemProxy */;
		};
/* End PBXTargetDependency section */

/* Begin PBXVariantGroup section */
		216340781D4CA3FD00E298C0 /* Main.storyboard */ = {
			isa = PBXVariantGroup;
			children = (
				216340791D4CA3FD00E298C0 /* Base */,
			);
			name = Main.storyboard;
			sourceTree = "<group>";
		};
		2163407D1D4CA3FD00E298C0 /* LaunchScreen.storyboard */ = {
			isa = PBXVariantGroup;
			children = (
				2163407E1D4CA3FD00E298C0 /* Base */,
			);
			name = LaunchScreen.storyboard;
			sourceTree = "<group>";
		};
/* End PBXVariantGroup section */

/* Begin XCBuildConfiguration section */
		216340971D4CA3FD00E298C0 /* Debug */ = {
			isa = XCBuildConfiguration;
			buildSettings = {
				ALWAYS_SEARCH_USER_PATHS = NO;
				CLANG_ANALYZER_NONNULL = YES;
				CLANG_CXX_LANGUAGE_STANDARD = "gnu++0x";
				CLANG_CXX_LIBRARY = "libc++";
				CLANG_ENABLE_MODULES = YES;
				CLANG_ENABLE_OBJC_ARC = YES;
				CLANG_WARN_BOOL_CONVERSION = YES;
				CLANG_WARN_CONSTANT_CONVERSION = YES;
				CLANG_WARN_DIRECT_OBJC_ISA_USAGE = YES_ERROR;
				CLANG_WARN_EMPTY_BODY = YES;
				CLANG_WARN_ENUM_CONVERSION = YES;
				CLANG_WARN_INT_CONVERSION = YES;
				CLANG_WARN_OBJC_ROOT_CLASS = YES_ERROR;
				CLANG_WARN_UNREACHABLE_CODE = YES;
				CLANG_WARN__DUPLICATE_METHOD_MATCH = YES;
				"CODE_SIGN_IDENTITY[sdk=iphoneos*]" = "iPhone Developer";
				COPY_PHASE_STRIP = NO;
				DEBUG_INFORMATION_FORMAT = dwarf;
				ENABLE_STRICT_OBJC_MSGSEND = YES;
				ENABLE_TESTABILITY = YES;
				GCC_C_LANGUAGE_STANDARD = gnu99;
				GCC_DYNAMIC_NO_PIC = NO;
				GCC_NO_COMMON_BLOCKS = YES;
				GCC_OPTIMIZATION_LEVEL = 0;
				GCC_PREPROCESSOR_DEFINITIONS = (
					"DEBUG=1",
					"$(inherited)",
				);
				GCC_WARN_64_TO_32_BIT_CONVERSION = YES;
				GCC_WARN_ABOUT_RETURN_TYPE = YES_ERROR;
				GCC_WARN_UNDECLARED_SELECTOR = YES;
				GCC_WARN_UNINITIALIZED_AUTOS = YES_AGGRESSIVE;
				GCC_WARN_UNUSED_FUNCTION = YES;
				GCC_WARN_UNUSED_VARIABLE = YES;
				IPHONEOS_DEPLOYMENT_TARGET = 9.3;
				MTL_ENABLE_DEBUG_INFO = YES;
				ONLY_ACTIVE_ARCH = YES;
				SDKROOT = iphoneos;
				TARGETED_DEVICE_FAMILY = "1,2";
			};
			name = Debug;
		};
		216340981D4CA3FD00E298C0 /* Release */ = {
			isa = XCBuildConfiguration;
			buildSettings = {
				ALWAYS_SEARCH_USER_PATHS = NO;
				CLANG_ANALYZER_NONNULL = YES;
				CLANG_CXX_LANGUAGE_STANDARD = "gnu++0x";
				CLANG_CXX_LIBRARY = "libc++";
				CLANG_ENABLE_MODULES = YES;
				CLANG_ENABLE_OBJC_ARC = YES;
				CLANG_WARN_BOOL_CONVERSION = YES;
				CLANG_WARN_CONSTANT_CONVERSION = YES;
				CLANG_WARN_DIRECT_OBJC_ISA_USAGE = YES_ERROR;
				CLANG_WARN_EMPTY_BODY = YES;
				CLANG_WARN_ENUM_CONVERSION = YES;
				CLANG_WARN_INT_CONVERSION = YES;
				CLANG_WARN_OBJC_ROOT_CLASS = YES_ERROR;
				CLANG_WARN_UNREACHABLE_CODE = YES;
				CLANG_WARN__DUPLICATE_METHOD_MATCH = YES;
				"CODE_SIGN_IDENTITY[sdk=iphoneos*]" = "iPhone Developer";
				COPY_PHASE_STRIP = NO;
				DEBUG_INFORMATION_FORMAT = "dwarf-with-dsym";
				ENABLE_NS_ASSERTIONS = NO;
				ENABLE_STRICT_OBJC_MSGSEND = YES;
				GCC_C_LANGUAGE_STANDARD = gnu99;
				GCC_NO_COMMON_BLOCKS = YES;
				GCC_WARN_64_TO_32_BIT_CONVERSION = YES;
				GCC_WARN_ABOUT_RETURN_TYPE = YES_ERROR;
				GCC_WARN_UNDECLARED_SELECTOR = YES;
				GCC_WARN_UNINITIALIZED_AUTOS = YES_AGGRESSIVE;
				GCC_WARN_UNUSED_FUNCTION = YES;
				GCC_WARN_UNUSED_VARIABLE = YES;
				IPHONEOS_DEPLOYMENT_TARGET = 9.3;
				MTL_ENABLE_DEBUG_INFO = NO;
				SDKROOT = iphoneos;
				TARGETED_DEVICE_FAMILY = "1,2";
				VALIDATE_PRODUCT = YES;
			};
			name = Release;
		};
		2163409A1D4CA3FD00E298C0 /* Debug */ = {
			isa = XCBuildConfiguration;
			baseConfigurationReference = 29FDA83F8642C16BE9819555 /* Pods-DeadlineManager.debug.xcconfig */;
			buildSettings = {
				ASSETCATALOG_COMPILER_APPICON_NAME = AppIcon;
				CODE_SIGN_IDENTITY = "iPhone Developer";
				INFOPLIST_FILE = DeadlineManager/Info.plist;
				LD_RUNPATH_SEARCH_PATHS = "$(inherited) @executable_path/Frameworks";
				PRODUCT_BUNDLE_IDENTIFIER = "com.meszaroz.deadline-manager";
				PRODUCT_NAME = "$(TARGET_NAME)";
			};
			name = Debug;
		};
		2163409B1D4CA3FD00E298C0 /* Release */ = {
			isa = XCBuildConfiguration;
			baseConfigurationReference = 0F66D15891DEF54D60A813FF /* Pods-DeadlineManager.release.xcconfig */;
			buildSettings = {
				ASSETCATALOG_COMPILER_APPICON_NAME = AppIcon;
				CODE_SIGN_IDENTITY = "iPhone Developer";
				INFOPLIST_FILE = DeadlineManager/Info.plist;
				LD_RUNPATH_SEARCH_PATHS = "$(inherited) @executable_path/Frameworks";
				PRODUCT_BUNDLE_IDENTIFIER = "com.meszaroz.deadline-manager";
				PRODUCT_NAME = "$(TARGET_NAME)";
			};
			name = Release;
		};
		2163409D1D4CA3FD00E298C0 /* Debug */ = {
			isa = XCBuildConfiguration;
			baseConfigurationReference = 8FD01EF0803B5F1E393597E7 /* Pods-DeadlineManagerTests.debug.xcconfig */;
			buildSettings = {
				BUNDLE_LOADER = "$(TEST_HOST)";
				INFOPLIST_FILE = DeadlineManagerTests/Info.plist;
				LD_RUNPATH_SEARCH_PATHS = "$(inherited) @executable_path/Frameworks @loader_path/Frameworks";
				PRODUCT_BUNDLE_IDENTIFIER = com.meszaroz.DeadlineManagerTests;
				PRODUCT_NAME = "$(TARGET_NAME)";
				TEST_HOST = "$(BUILT_PRODUCTS_DIR)/DeadlineManager.app/DeadlineManager";
			};
			name = Debug;
		};
		2163409E1D4CA3FD00E298C0 /* Release */ = {
			isa = XCBuildConfiguration;
			baseConfigurationReference = 5499F123B2F3AEA0DBCC28E6 /* Pods-DeadlineManagerTests.release.xcconfig */;
			buildSettings = {
				BUNDLE_LOADER = "$(TEST_HOST)";
				INFOPLIST_FILE = DeadlineManagerTests/Info.plist;
				LD_RUNPATH_SEARCH_PATHS = "$(inherited) @executable_path/Frameworks @loader_path/Frameworks";
				PRODUCT_BUNDLE_IDENTIFIER = com.meszaroz.DeadlineManagerTests;
				PRODUCT_NAME = "$(TARGET_NAME)";
				TEST_HOST = "$(BUILT_PRODUCTS_DIR)/DeadlineManager.app/DeadlineManager";
			};
			name = Release;
		};
		216340A01D4CA3FD00E298C0 /* Debug */ = {
			isa = XCBuildConfiguration;
			baseConfigurationReference = C91E3862E07E1EF05F4FFC3B /* Pods-DeadlineManagerUITests.debug.xcconfig */;
			buildSettings = {
				INFOPLIST_FILE = DeadlineManagerUITests/Info.plist;
				LD_RUNPATH_SEARCH_PATHS = "$(inherited) @executable_path/Frameworks @loader_path/Frameworks";
				PRODUCT_BUNDLE_IDENTIFIER = com.meszaroz.DeadlineManagerUITests;
				PRODUCT_NAME = "$(TARGET_NAME)";
				TEST_TARGET_NAME = DeadlineManager;
			};
			name = Debug;
		};
		216340A11D4CA3FD00E298C0 /* Release */ = {
			isa = XCBuildConfiguration;
			baseConfigurationReference = 5C45822D26FD2A1FD54EDB3B /* Pods-DeadlineManagerUITests.release.xcconfig */;
			buildSettings = {
				INFOPLIST_FILE = DeadlineManagerUITests/Info.plist;
				LD_RUNPATH_SEARCH_PATHS = "$(inherited) @executable_path/Frameworks @loader_path/Frameworks";
				PRODUCT_BUNDLE_IDENTIFIER = com.meszaroz.DeadlineManagerUITests;
				PRODUCT_NAME = "$(TARGET_NAME)";
				TEST_TARGET_NAME = DeadlineManager;
			};
			name = Release;
		};
/* End XCBuildConfiguration section */

/* Begin XCConfigurationList section */
		216340671D4CA3FC00E298C0 /* Build configuration list for PBXProject "DeadlineManager" */ = {
			isa = XCConfigurationList;
			buildConfigurations = (
				216340971D4CA3FD00E298C0 /* Debug */,
				216340981D4CA3FD00E298C0 /* Release */,
			);
			defaultConfigurationIsVisible = 0;
			defaultConfigurationName = Release;
		};
		216340991D4CA3FD00E298C0 /* Build configuration list for PBXNativeTarget "DeadlineManager" */ = {
			isa = XCConfigurationList;
			buildConfigurations = (
				2163409A1D4CA3FD00E298C0 /* Debug */,
				2163409B1D4CA3FD00E298C0 /* Release */,
			);
			defaultConfigurationIsVisible = 0;
			defaultConfigurationName = Release;
		};
		2163409C1D4CA3FD00E298C0 /* Build configuration list for PBXNativeTarget "DeadlineManagerTests" */ = {
			isa = XCConfigurationList;
			buildConfigurations = (
				2163409D1D4CA3FD00E298C0 /* Debug */,
				2163409E1D4CA3FD00E298C0 /* Release */,
			);
			defaultConfigurationIsVisible = 0;
			defaultConfigurationName = Release;
		};
		2163409F1D4CA3FD00E298C0 /* Build configuration list for PBXNativeTarget "DeadlineManagerUITests" */ = {
			isa = XCConfigurationList;
			buildConfigurations = (
				216340A01D4CA3FD00E298C0 /* Debug */,
				216340A11D4CA3FD00E298C0 /* Release */,
			);
			defaultConfigurationIsVisible = 0;
			defaultConfigurationName = Release;
		};
/* End XCConfigurationList section */
	};
	rootObject = 216340641D4CA3FC00E298C0 /* Project object */;
}
